
Microsoft Visual Studio Solution File, Format Version 12.00
# Visual Studio Version 16
VisualStudioVersion = 16.0.32510.428
MinimumVisualStudioVersion = 10.0.40219.1
Project("{FAE04EC0-301F-11D3-BF4B-00C04F79EFBC}") = "Module3HW4", "Module3HW4\Module3HW4.csproj", "{CAF41935-5331-443E-AC2B-6CF0F3CF9BBA}"
EndProject
Global
	GlobalSection(SolutionConfigurationPlatforms) = preSolution
		Debug|Any CPU = Debug|Any CPU
		Release|Any CPU = Release|Any CPU
	EndGlobalSection
	GlobalSection(ProjectConfigurationPlatforms) = postSolution
		{CAF41935-5331-443E-AC2B-6CF0F3CF9BBA}.Debug|Any CPU.ActiveCfg = Debug|Any CPU
		{CAF41935-5331-443E-AC2B-6CF0F3CF9BBA}.Debug|Any CPU.Build.0 = Debug|Any CPU
		{CAF41935-5331-443E-AC2B-6CF0F3CF9BBA}.Release|Any CPU.ActiveCfg = Release|Any CPU
		{CAF41935-5331-443E-AC2B-6CF0F3CF9BBA}.Release|Any CPU.Build.0 = Release|Any CPU
	EndGlobalSection
	GlobalSection(SolutionProperties) = preSolution
		HideSolutionNode = FALSE
	EndGlobalSection
	GlobalSection(ExtensibilityGlobals) = postSolution
		SolutionGuid = {00587874-DC42-4CEB-929E-B82D6BC7E758}
	EndGlobalSection
EndGlobal
